
Microsoft Visual Studio Solution File, Format Version 12.00
# Visual Studio 14
VisualStudioVersion = 14.0.25420.1
MinimumVisualStudioVersion = 10.0.40219.1
Project("{FAE04EC0-301F-11D3-BF4B-00C04F79EFBC}") = "TechQuestions", "TechQuestions\TechQuestions.csproj", "{05720577-9865-4DBC-A0B9-94C6C5C452ED}"
EndProject
Global
	GlobalSection(SolutionConfigurationPlatforms) = preSolution
		Debug|Any CPU = Debug|Any CPU
		Release|Any CPU = Release|Any CPU
	EndGlobalSection
	GlobalSection(ProjectConfigurationPlatforms) = postSolution
		{05720577-9865-4DBC-A0B9-94C6C5C452ED}.Debug|Any CPU.ActiveCfg = Debug|Any CPU
		{05720577-9865-4DBC-A0B9-94C6C5C452ED}.Debug|Any CPU.Build.0 = Debug|Any CPU
		{05720577-9865-4DBC-A0B9-94C6C5C452ED}.Release|Any CPU.ActiveCfg = Release|Any CPU
		{05720577-9865-4DBC-A0B9-94C6C5C452ED}.Release|Any CPU.Build.0 = Release|Any CPU
	EndGlobalSection
	GlobalSection(SolutionProperties) = preSolution
		HideSolutionNode = FALSE
	EndGlobalSection
EndGlobal
